
Microsoft Visual Studio Solution File, Format Version 12.00
# Visual Studio Version 16
VisualStudioVersion = 16.0.33801.447
MinimumVisualStudioVersion = 10.0.40219.1
Project("{FAE04EC0-301F-11D3-BF4B-00C04F79EFBC}") = "eTICKET", "eTICKET\eTICKET.csproj", "{797A966A-6843-4A32-9C04-226E6672A235}"
EndProject
Global
	GlobalSection(SolutionConfigurationPlatforms) = preSolution
		Debug|Any CPU = Debug|Any CPU
		Release|Any CPU = Release|Any CPU
	EndGlobalSection
	GlobalSection(ProjectConfigurationPlatforms) = postSolution
		{797A966A-6843-4A32-9C04-226E6672A235}.Debug|Any CPU.ActiveCfg = Debug|Any CPU
		{797A966A-6843-4A32-9C04-226E6672A235}.Debug|Any CPU.Build.0 = Debug|Any CPU
		{797A966A-6843-4A32-9C04-226E6672A235}.Release|Any CPU.ActiveCfg = Release|Any CPU
		{797A966A-6843-4A32-9C04-226E6672A235}.Release|Any CPU.Build.0 = Release|Any CPU
	EndGlobalSection
	GlobalSection(SolutionProperties) = preSolution
		HideSolutionNode = FALSE
	EndGlobalSection
	GlobalSection(ExtensibilityGlobals) = postSolution
		SolutionGuid = {2C431966-A13F-4DC0-BDF7-F78BEA1B84DA}
	EndGlobalSection
EndGlobal
